
Microsoft Visual Studio Solution File, Format Version 12.00
# Visual Studio 15
VisualStudioVersion = 15.0.27703.2026
MinimumVisualStudioVersion = 10.0.40219.1
Project("{9A19103F-16F7-4668-BE54-9A1E7A4F7556}") = "core2.1.test", "core2.1.test\core2.1.test.csproj", "{D3864989-E607-496A-A952-DB6C98E72061}"
EndProject
Project("{9A19103F-16F7-4668-BE54-9A1E7A4F7556}") = "SignalRServer", "SignalRServer\SignalRServer.csproj", "{F9DCC3F4-2AB2-4A03-A1C1-445D65C091B6}"
EndProject
Project("{9A19103F-16F7-4668-BE54-9A1E7A4F7556}") = "MediatRTest", "MediatRTest\MediatRTest.csproj", "{EF307448-D355-4178-9500-EFF875751A66}"
EndProject
Project("{FAE04EC0-301F-11D3-BF4B-00C04F79EFBC}") = "NetstandardTest", "NetstandardTest\NetstandardTest.csproj", "{F1E16C17-DE36-495D-99E4-BCE61B981870}"
EndProject
Global
	GlobalSection(SolutionConfigurationPlatforms) = preSolution
		Debug|Any CPU = Debug|Any CPU
		Release|Any CPU = Release|Any CPU
	EndGlobalSection
	GlobalSection(ProjectConfigurationPlatforms) = postSolution
		{D3864989-E607-496A-A952-DB6C98E72061}.Debug|Any CPU.ActiveCfg = Debug|Any CPU
		{D3864989-E607-496A-A952-DB6C98E72061}.Debug|Any CPU.Build.0 = Debug|Any CPU
		{D3864989-E607-496A-A952-DB6C98E72061}.Release|Any CPU.ActiveCfg = Release|Any CPU
		{D3864989-E607-496A-A952-DB6C98E72061}.Release|Any CPU.Build.0 = Release|Any CPU
		{F9DCC3F4-2AB2-4A03-A1C1-445D65C091B6}.Debug|Any CPU.ActiveCfg = Debug|Any CPU
		{F9DCC3F4-2AB2-4A03-A1C1-445D65C091B6}.Debug|Any CPU.Build.0 = Debug|Any CPU
		{F9DCC3F4-2AB2-4A03-A1C1-445D65C091B6}.Release|Any CPU.ActiveCfg = Release|Any CPU
		{F9DCC3F4-2AB2-4A03-A1C1-445D65C091B6}.Release|Any CPU.Build.0 = Release|Any CPU
		{EF307448-D355-4178-9500-EFF875751A66}.Debug|Any CPU.ActiveCfg = Debug|Any CPU
		{EF307448-D355-4178-9500-EFF875751A66}.Debug|Any CPU.Build.0 = Debug|Any CPU
		{EF307448-D355-4178-9500-EFF875751A66}.Release|Any CPU.ActiveCfg = Release|Any CPU
		{EF307448-D355-4178-9500-EFF875751A66}.Release|Any CPU.Build.0 = Release|Any CPU
		{F1E16C17-DE36-495D-99E4-BCE61B981870}.Debug|Any CPU.ActiveCfg = Debug|Any CPU
		{F1E16C17-DE36-495D-99E4-BCE61B981870}.Debug|Any CPU.Build.0 = Debug|Any CPU
		{F1E16C17-DE36-495D-99E4-BCE61B981870}.Release|Any CPU.ActiveCfg = Release|Any CPU
		{F1E16C17-DE36-495D-99E4-BCE61B981870}.Release|Any CPU.Build.0 = Release|Any CPU
	EndGlobalSection
	GlobalSection(SolutionProperties) = preSolution
		HideSolutionNode = FALSE
	EndGlobalSection
	GlobalSection(ExtensibilityGlobals) = postSolution
		SolutionGuid = {BBD19F74-2430-4B83-BB55-0EFF8993A5EC}
	EndGlobalSection
EndGlobal
